
Microsoft Visual Studio Solution File, Format Version 12.00
# Visual Studio Version 17
VisualStudioVersion = 17.5.002.0
MinimumVisualStudioVersion = 10.0.40219.1
Project("{2150E333-8FDC-42A3-9474-1A3956D46DE8}") = "sandbox", "sandbox", "{BD1E559E-3943-4F17-A62B-67562EE29035}"
EndProject
Project("{9A19103F-16F7-4668-BE54-9A1E7A4F7556}") = "sandbox_project", "sandbox\sandbox_project\sandbox_project.csproj", "{B984E0BB-4117-4CEF-B01C-EABA0CBF39FC}"
EndProject
Project("{2150E333-8FDC-42A3-9474-1A3956D46DE8}") = "week01", "week01", "{9F012CE7-D2A3-42F1-8F21-5E2496E3CDA5}"
EndProject
Project("{9A19103F-16F7-4668-BE54-9A1E7A4F7556}") = "analyze", "week01\analyze\analyze.csproj", "{8E2CF83F-A291-4618-8DE9-E12DE6CD8438}"
EndProject
Project("{9A19103F-16F7-4668-BE54-9A1E7A4F7556}") = "code", "week01\code\code.csproj", "{BC6C6077-BA64-4780-82E8-97FEBEA0164F}"
EndProject
Project("{9A19103F-16F7-4668-BE54-9A1E7A4F7556}") = "teach", "week01\teach\teach.csproj", "{A9108D67-3630-4F14-AF82-9C394B311EA6}"
EndProject
Project("{2150E333-8FDC-42A3-9474-1A3956D46DE8}") = "week02", "week02", "{7CBD5CF8-E948-41F1-A3D1-124298F6E7AD}"
EndProject
Project("{9A19103F-16F7-4668-BE54-9A1E7A4F7556}") = "analyze", "week02\analyze\analyze.csproj", "{74AD8B6A-B092-4E0C-9A90-BE5570278435}"
EndProject
Project("{9A19103F-16F7-4668-BE54-9A1E7A4F7556}") = "code", "week02\code\code.csproj", "{E6445162-3AD5-4030-B718-BD0EAF6B25F0}"
EndProject
Project("{9A19103F-16F7-4668-BE54-9A1E7A4F7556}") = "learn", "week02\learn\learn.csproj", "{CE6E065F-1EC1-4782-A3DF-E72AEF099D12}"
EndProject
Project("{9A19103F-16F7-4668-BE54-9A1E7A4F7556}") = "teach", "week02\teach\teach.csproj", "{CA732E24-13EA-4F84-8284-A0467EF9D188}"
EndProject
Project("{2150E333-8FDC-42A3-9474-1A3956D46DE8}") = "week03", "week03", "{1921E479-B36B-42F5-A609-F873959B7316}"
EndProject
Project("{9A19103F-16F7-4668-BE54-9A1E7A4F7556}") = "code", "week03\code\code.csproj", "{009E2563-A15C-4164-9C0A-2A9675575738}"
EndProject
Project("{9A19103F-16F7-4668-BE54-9A1E7A4F7556}") = "learn", "week03\learn\learn.csproj", "{D6544657-745C-44D3-A519-A771355A4D2B}"
EndProject
Project("{9A19103F-16F7-4668-BE54-9A1E7A4F7556}") = "teach", "week03\teach\teach.csproj", "{EF8F036A-294D-4475-A842-5D6EC752F2A3}"
EndProject
Project("{2150E333-8FDC-42A3-9474-1A3956D46DE8}") = "week04", "week04", "{2DADBA10-477C-4CD0-8731-A7EC75ECC7F8}"
EndProject
Project("{9A19103F-16F7-4668-BE54-9A1E7A4F7556}") = "code", "week04\code\code.csproj", "{04369FA7-6ADA-4A53-8493-E1D1E2C5638C}"
EndProject
Project("{2150E333-8FDC-42A3-9474-1A3956D46DE8}") = "week05", "week05", "{F4639B2C-6C8F-44E5-84E0-E8475392FAC8}"
EndProject
Project("{9A19103F-16F7-4668-BE54-9A1E7A4F7556}") = "code", "week05\code\code.csproj", "{D1AD3EFE-22FD-47CE-9438-CE5A56420450}"
EndProject
Project("{2150E333-8FDC-42A3-9474-1A3956D46DE8}") = "week06", "week06", "{CF475950-2FEA-4C56-83E6-BA74D2354C8A}"
EndProject
Project("{9A19103F-16F7-4668-BE54-9A1E7A4F7556}") = "code", "week06\code\code.csproj", "{610ACA8A-6A94-4653-9897-622F5C0BF949}"
EndProject
Global
	GlobalSection(SolutionConfigurationPlatforms) = preSolution
		Debug|Any CPU = Debug|Any CPU
		Release|Any CPU = Release|Any CPU
	EndGlobalSection
	GlobalSection(ProjectConfigurationPlatforms) = postSolution
		{B984E0BB-4117-4CEF-B01C-EABA0CBF39FC}.Debug|Any CPU.ActiveCfg = Debug|Any CPU
		{B984E0BB-4117-4CEF-B01C-EABA0CBF39FC}.Debug|Any CPU.Build.0 = Debug|Any CPU
		{B984E0BB-4117-4CEF-B01C-EABA0CBF39FC}.Release|Any CPU.ActiveCfg = Release|Any CPU
		{B984E0BB-4117-4CEF-B01C-EABA0CBF39FC}.Release|Any CPU.Build.0 = Release|Any CPU
		{8E2CF83F-A291-4618-8DE9-E12DE6CD8438}.Debug|Any CPU.ActiveCfg = Debug|Any CPU
		{8E2CF83F-A291-4618-8DE9-E12DE6CD8438}.Debug|Any CPU.Build.0 = Debug|Any CPU
		{8E2CF83F-A291-4618-8DE9-E12DE6CD8438}.Release|Any CPU.ActiveCfg = Release|Any CPU
		{8E2CF83F-A291-4618-8DE9-E12DE6CD8438}.Release|Any CPU.Build.0 = Release|Any CPU
		{BC6C6077-BA64-4780-82E8-97FEBEA0164F}.Debug|Any CPU.ActiveCfg = Debug|Any CPU
		{BC6C6077-BA64-4780-82E8-97FEBEA0164F}.Debug|Any CPU.Build.0 = Debug|Any CPU
		{BC6C6077-BA64-4780-82E8-97FEBEA0164F}.Release|Any CPU.ActiveCfg = Release|Any CPU
		{BC6C6077-BA64-4780-82E8-97FEBEA0164F}.Release|Any CPU.Build.0 = Release|Any CPU
		{A9108D67-3630-4F14-AF82-9C394B311EA6}.Debug|Any CPU.ActiveCfg = Debug|Any CPU
		{A9108D67-3630-4F14-AF82-9C394B311EA6}.Debug|Any CPU.Build.0 = Debug|Any CPU
		{A9108D67-3630-4F14-AF82-9C394B311EA6}.Release|Any CPU.ActiveCfg = Release|Any CPU
		{A9108D67-3630-4F14-AF82-9C394B311EA6}.Release|Any CPU.Build.0 = Release|Any CPU
		{74AD8B6A-B092-4E0C-9A90-BE5570278435}.Debug|Any CPU.ActiveCfg = Debug|Any CPU
		{74AD8B6A-B092-4E0C-9A90-BE5570278435}.Debug|Any CPU.Build.0 = Debug|Any CPU
		{74AD8B6A-B092-4E0C-9A90-BE5570278435}.Release|Any CPU.ActiveCfg = Release|Any CPU
		{74AD8B6A-B092-4E0C-9A90-BE5570278435}.Release|Any CPU.Build.0 = Release|Any CPU
		{E6445162-3AD5-4030-B718-BD0EAF6B25F0}.Debug|Any CPU.ActiveCfg = Debug|Any CPU
		{E6445162-3AD5-4030-B718-BD0EAF6B25F0}.Debug|Any CPU.Build.0 = Debug|Any CPU
		{E6445162-3AD5-4030-B718-BD0EAF6B25F0}.Release|Any CPU.ActiveCfg = Release|Any CPU
		{E6445162-3AD5-4030-B718-BD0EAF6B25F0}.Release|Any CPU.Build.0 = Release|Any CPU
		{CE6E065F-1EC1-4782-A3DF-E72AEF099D12}.Debug|Any CPU.ActiveCfg = Debug|Any CPU
		{CE6E065F-1EC1-4782-A3DF-E72AEF099D12}.Debug|Any CPU.Build.0 = Debug|Any CPU
		{CE6E065F-1EC1-4782-A3DF-E72AEF099D12}.Release|Any CPU.ActiveCfg = Release|Any CPU
		{CE6E065F-1EC1-4782-A3DF-E72AEF099D12}.Release|Any CPU.Build.0 = Release|Any CPU
		{CA732E24-13EA-4F84-8284-A0467EF9D188}.Debug|Any CPU.ActiveCfg = Debug|Any CPU
		{CA732E24-13EA-4F84-8284-A0467EF9D188}.Debug|Any CPU.Build.0 = Debug|Any CPU
		{CA732E24-13EA-4F84-8284-A0467EF9D188}.Release|Any CPU.ActiveCfg = Release|Any CPU
		{CA732E24-13EA-4F84-8284-A0467EF9D188}.Release|Any CPU.Build.0 = Release|Any CPU
		{009E2563-A15C-4164-9C0A-2A9675575738}.Debug|Any CPU.ActiveCfg = Debug|Any CPU
		{009E2563-A15C-4164-9C0A-2A9675575738}.Debug|Any CPU.Build.0 = Debug|Any CPU
		{009E2563-A15C-4164-9C0A-2A9675575738}.Release|Any CPU.ActiveCfg = Release|Any CPU
		{009E2563-A15C-4164-9C0A-2A9675575738}.Release|Any CPU.Build.0 = Release|Any CPU
		{D6544657-745C-44D3-A519-A771355A4D2B}.Debug|Any CPU.ActiveCfg = Debug|Any CPU
		{D6544657-745C-44D3-A519-A771355A4D2B}.Debug|Any CPU.Build.0 = Debug|Any CPU
		{D6544657-745C-44D3-A519-A771355A4D2B}.Release|Any CPU.ActiveCfg = Release|Any CPU
		{D6544657-745C-44D3-A519-A771355A4D2B}.Release|Any CPU.Build.0 = Release|Any CPU
		{EF8F036A-294D-4475-A842-5D6EC752F2A3}.Debug|Any CPU.ActiveCfg = Debug|Any CPU
		{EF8F036A-294D-4475-A842-5D6EC752F2A3}.Debug|Any CPU.Build.0 = Debug|Any CPU
		{EF8F036A-294D-4475-A842-5D6EC752F2A3}.Release|Any CPU.ActiveCfg = Release|Any CPU
		{EF8F036A-294D-4475-A842-5D6EC752F2A3}.Release|Any CPU.Build.0 = Release|Any CPU
		{04369FA7-6ADA-4A53-8493-E1D1E2C5638C}.Debug|Any CPU.ActiveCfg = Debug|Any CPU
		{04369FA7-6ADA-4A53-8493-E1D1E2C5638C}.Debug|Any CPU.Build.0 = Debug|Any CPU
		{04369FA7-6ADA-4A53-8493-E1D1E2C5638C}.Release|Any CPU.ActiveCfg = Release|Any CPU
		{04369FA7-6ADA-4A53-8493-E1D1E2C5638C}.Release|Any CPU.Build.0 = Release|Any CPU
		{D1AD3EFE-22FD-47CE-9438-CE5A56420450}.Debug|Any CPU.ActiveCfg = Debug|Any CPU
		{D1AD3EFE-22FD-47CE-9438-CE5A56420450}.Debug|Any CPU.Build.0 = Debug|Any CPU
		{D1AD3EFE-22FD-47CE-9438-CE5A56420450}.Release|Any CPU.ActiveCfg = Release|Any CPU
		{D1AD3EFE-22FD-47CE-9438-CE5A56420450}.Release|Any CPU.Build.0 = Release|Any CPU
		{610ACA8A-6A94-4653-9897-622F5C0BF949}.Debug|Any CPU.ActiveCfg = Debug|Any CPU
		{610ACA8A-6A94-4653-9897-622F5C0BF949}.Debug|Any CPU.Build.0 = Debug|Any CPU
		{610ACA8A-6A94-4653-9897-622F5C0BF949}.Release|Any CPU.ActiveCfg = Release|Any CPU
		{610ACA8A-6A94-4653-9897-622F5C0BF949}.Release|Any CPU.Build.0 = Release|Any CPU
	EndGlobalSection
	GlobalSection(SolutionProperties) = preSolution
		HideSolutionNode = FALSE
	EndGlobalSection
	GlobalSection(NestedProjects) = preSolution
		{B984E0BB-4117-4CEF-B01C-EABA0CBF39FC} = {BD1E559E-3943-4F17-A62B-67562EE29035}
		{8E2CF83F-A291-4618-8DE9-E12DE6CD8438} = {9F012CE7-D2A3-42F1-8F21-5E2496E3CDA5}
		{BC6C6077-BA64-4780-82E8-97FEBEA0164F} = {9F012CE7-D2A3-42F1-8F21-5E2496E3CDA5}
		{A9108D67-3630-4F14-AF82-9C394B311EA6} = {9F012CE7-D2A3-42F1-8F21-5E2496E3CDA5}
		{74AD8B6A-B092-4E0C-9A90-BE5570278435} = {7CBD5CF8-E948-41F1-A3D1-124298F6E7AD}
		{E6445162-3AD5-4030-B718-BD0EAF6B25F0} = {7CBD5CF8-E948-41F1-A3D1-124298F6E7AD}
		{CE6E065F-1EC1-4782-A3DF-E72AEF099D12} = {7CBD5CF8-E948-41F1-A3D1-124298F6E7AD}
		{CA732E24-13EA-4F84-8284-A0467EF9D188} = {7CBD5CF8-E948-41F1-A3D1-124298F6E7AD}
		{009E2563-A15C-4164-9C0A-2A9675575738} = {1921E479-B36B-42F5-A609-F873959B7316}
		{D6544657-745C-44D3-A519-A771355A4D2B} = {1921E479-B36B-42F5-A609-F873959B7316}
		{EF8F036A-294D-4475-A842-5D6EC752F2A3} = {1921E479-B36B-42F5-A609-F873959B7316}
		{04369FA7-6ADA-4A53-8493-E1D1E2C5638C} = {2DADBA10-477C-4CD0-8731-A7EC75ECC7F8}
		{D1AD3EFE-22FD-47CE-9438-CE5A56420450} = {F4639B2C-6C8F-44E5-84E0-E8475392FAC8}
		{610ACA8A-6A94-4653-9897-622F5C0BF949} = {CF475950-2FEA-4C56-83E6-BA74D2354C8A}
	EndGlobalSection
	GlobalSection(ExtensibilityGlobals) = postSolution
		SolutionGuid = {20AA3CB2-BE1A-4835-A654-2BAC2B0B7D98}
	EndGlobalSection
EndGlobal
